
Microsoft Visual Studio Solution File, Format Version 12.00
# Visual Studio Version 16
VisualStudioVersion = 16.0.29920.165
MinimumVisualStudioVersion = 10.0.40219.1
Project("{FAE04EC0-301F-11D3-BF4B-00C04F79EFBC}") = "Graphics editor", "Graphics editor\Graphics editor.csproj", "{66F324CB-E637-4CA2-B749-1F9AC5187720}"
EndProject
Global
	GlobalSection(SolutionConfigurationPlatforms) = preSolution
		Debug|Any CPU = Debug|Any CPU
		Release|Any CPU = Release|Any CPU
	EndGlobalSection
	GlobalSection(ProjectConfigurationPlatforms) = postSolution
		{66F324CB-E637-4CA2-B749-1F9AC5187720}.Debug|Any CPU.ActiveCfg = Debug|Any CPU
		{66F324CB-E637-4CA2-B749-1F9AC5187720}.Debug|Any CPU.Build.0 = Debug|Any CPU
		{66F324CB-E637-4CA2-B749-1F9AC5187720}.Release|Any CPU.ActiveCfg = Release|Any CPU
		{66F324CB-E637-4CA2-B749-1F9AC5187720}.Release|Any CPU.Build.0 = Release|Any CPU
	EndGlobalSection
	GlobalSection(SolutionProperties) = preSolution
		HideSolutionNode = FALSE
	EndGlobalSection
	GlobalSection(ExtensibilityGlobals) = postSolution
		SolutionGuid = {712F46BA-B695-40CD-B356-0CC5E9A6F932}
	EndGlobalSection
EndGlobal
